
Microsoft Visual Studio Solution File, Format Version 12.00
# Visual Studio Version 16
VisualStudioVersion = 16.0.31410.357
MinimumVisualStudioVersion = 10.0.40219.1
Project("{9A19103F-16F7-4668-BE54-9A1E7A4F7556}") = "DanteBot", "DanteBot.csproj", "{C2FAA935-8905-4F9F-A809-96D675797653}"
EndProject
Global
	GlobalSection(SolutionConfigurationPlatforms) = preSolution
		Debug|Any CPU = Debug|Any CPU
		Release|Any CPU = Release|Any CPU
	EndGlobalSection
	GlobalSection(ProjectConfigurationPlatforms) = postSolution
		{C2FAA935-8905-4F9F-A809-96D675797653}.Debug|Any CPU.ActiveCfg = Debug|Any CPU
		{C2FAA935-8905-4F9F-A809-96D675797653}.Debug|Any CPU.Build.0 = Debug|Any CPU
		{C2FAA935-8905-4F9F-A809-96D675797653}.Release|Any CPU.ActiveCfg = Release|Any CPU
		{C2FAA935-8905-4F9F-A809-96D675797653}.Release|Any CPU.Build.0 = Release|Any CPU
	EndGlobalSection
	GlobalSection(SolutionProperties) = preSolution
		HideSolutionNode = FALSE
	EndGlobalSection
	GlobalSection(ExtensibilityGlobals) = postSolution
		SolutionGuid = {5B5F0E06-D63D-461D-B7B6-D76ABD898A9F}
	EndGlobalSection
EndGlobal
